
Microsoft Visual Studio Solution File, Format Version 12.00
# Visual Studio Version 16
VisualStudioVersion = 16.0.31515.178
MinimumVisualStudioVersion = 10.0.40219.1
Project("{888888A0-9F3D-457C-B088-3A5042F75D52}") = "Adults-dataset", "Adults-dataset\Adults-dataset.pyproj", "{58FF1EC2-752B-4440-B165-FDF787FF5362}"
EndProject
Global
	GlobalSection(SolutionConfigurationPlatforms) = preSolution
		Debug|Any CPU = Debug|Any CPU
		Release|Any CPU = Release|Any CPU
	EndGlobalSection
	GlobalSection(ProjectConfigurationPlatforms) = postSolution
		{58FF1EC2-752B-4440-B165-FDF787FF5362}.Debug|Any CPU.ActiveCfg = Debug|Any CPU
		{58FF1EC2-752B-4440-B165-FDF787FF5362}.Release|Any CPU.ActiveCfg = Release|Any CPU
	EndGlobalSection
	GlobalSection(SolutionProperties) = preSolution
		HideSolutionNode = FALSE
	EndGlobalSection
	GlobalSection(ExtensibilityGlobals) = postSolution
		SolutionGuid = {A74EA044-B6C0-48AB-AECD-36FB6C822C2D}
	EndGlobalSection
EndGlobal
